
Microsoft Visual Studio Solution File, Format Version 12.00
# Visual Studio 15
VisualStudioVersion = 15.0.26906.1
MinimumVisualStudioVersion = 10.0.40219.1
Project("{9A19103F-16F7-4668-BE54-9A1E7A4F7556}") = "Deepflow.Platform", "src\Deepflow.Platform\Deepflow.Platform.csproj", "{EEC43CB4-FE40-4C09-A56A-880A729943AD}"
EndProject
Project("{9A19103F-16F7-4668-BE54-9A1E7A4F7556}") = "Deepflow.Platform.Abstractions", "src\Deepflow.Platform.Abstractions\Deepflow.Platform.Abstractions.csproj", "{D968F777-C2AF-4ADB-9F91-0A8C77E22749}"
EndProject
Project("{9A19103F-16F7-4668-BE54-9A1E7A4F7556}") = "Deepflow.Platform.Console", "src\Deepflow.Platform.Console\Deepflow.Platform.Console.csproj", "{9802132F-E134-458C-8952-A28932CBC6E0}"
EndProject
Project("{9A19103F-16F7-4668-BE54-9A1E7A4F7556}") = "Deepflow.Platform.Series", "src\Deepflow.Platform.Series\Deepflow.Platform.Series.csproj", "{8B104CC5-4E40-4625-926C-F40A9B40F991}"
EndProject
Project("{9A19103F-16F7-4668-BE54-9A1E7A4F7556}") = "Deepflow.Platform.Dashboards", "src\Deepflow.Platform.Dashboards\Deepflow.Platform.Dashboards.csproj", "{365F1E99-CBA9-4039-9CFB-BC295FF14A67}"
EndProject
Project("{9A19103F-16F7-4668-BE54-9A1E7A4F7556}") = "Deepflow.Platform.Workflows", "src\Deepflow.Platform.Workflows\Deepflow.Platform.Workflows.csproj", "{36D7A559-06FF-4D98-BB6E-160061AADB9B}"
EndProject
Project("{9A19103F-16F7-4668-BE54-9A1E7A4F7556}") = "Deepflow.Platform.Realtime", "src\Deepflow.Platform.Realtime\Deepflow.Platform.Realtime.csproj", "{099F66BF-4828-48B3-B182-60837562FFE2}"
EndProject
Project("{9A19103F-16F7-4668-BE54-9A1E7A4F7556}") = "Deepflow.Platform.Core", "src\Deepflow.Platform.Core\Deepflow.Platform.Core.csproj", "{6C8F7C6C-31B4-44BB-89E0-0742AB032984}"
EndProject
Project("{9A19103F-16F7-4668-BE54-9A1E7A4F7556}") = "Deepflow.Platform.Series.Cassandra", "src\Deepflow.Platform.Series.Cassandra\Deepflow.Platform.Series.Cassandra.csproj", "{ADE02E26-25D3-4C6D-AE3A-B3F9B25B992A}"
EndProject
Project("{9A19103F-16F7-4668-BE54-9A1E7A4F7556}") = "Deepflow.Platform.Series.Attributes", "src\Deepflow.Platform.Series.Attributes\Deepflow.Platform.Series.Attributes.csproj", "{7561B094-8292-4F60-967A-0A0518F25C2D}"
EndProject
Project("{9A19103F-16F7-4668-BE54-9A1E7A4F7556}") = "Deepflow.Platform.Series.Calculations", "src\Deepflow.Platform.Series.Calculations\Deepflow.Platform.Series.Calculations.csproj", "{2B312806-EC12-4E15-B13B-90E4BD0B9887}"
EndProject
Project("{9A19103F-16F7-4668-BE54-9A1E7A4F7556}") = "Deepflow.Platform.Tests.Core", "test\Deepflow.Platform.Tests\Deepflow.Platform.Tests.Core.csproj", "{39A002CC-049C-4ECB-A1AC-D51ADE040D06}"
EndProject
Project("{2150E333-8FDC-42A3-9474-1A3956D46DE8}") = "src", "src", "{7146BDDB-9CC1-48E3-8293-4062B6CC4584}"
EndProject
Project("{2150E333-8FDC-42A3-9474-1A3956D46DE8}") = "test", "test", "{EAEBCDEA-5D16-4C6B-A5B6-4560C4EF06ED}"
EndProject
Project("{9A19103F-16F7-4668-BE54-9A1E7A4F7556}") = "Deepflow.Platform.Tests.Series", "test\Deepflow.Platform.Tests.Series\Deepflow.Platform.Tests.Series.csproj", "{B57A3EBF-A68D-4677-9FE6-6A6C9F082AD0}"
EndProject
Project("{2150E333-8FDC-42A3-9474-1A3956D46DE8}") = "Backend", "Backend", "{4C5F4B98-86DA-4F2A-8E5B-AEBFDA94457C}"
EndProject
Project("{2150E333-8FDC-42A3-9474-1A3956D46DE8}") = "Agent", "Agent", "{B638A02F-C748-4AF5-8230-9F51DBE70345}"
EndProject
Project("{9A19103F-16F7-4668-BE54-9A1E7A4F7556}") = "Deepflow.Platform.Agent", "src\Deepflow.Platform.Agent\Deepflow.Platform.Agent.csproj", "{09707277-A19F-4AAB-82EC-26AB4462AE5C}"
EndProject
Project("{2150E333-8FDC-42A3-9474-1A3956D46DE8}") = "Common", "Common", "{0866F0FB-FDD1-426B-85CD-5CED103111F0}"
EndProject
Project("{9A19103F-16F7-4668-BE54-9A1E7A4F7556}") = "Deepflow.Platform.Series.Sources", "src\Deepflow.Platform.Series.Sources\Deepflow.Platform.Series.Sources.csproj", "{957C20F2-8531-4BC9-AF1C-BECEE23B17BB}"
EndProject
Project("{9A19103F-16F7-4668-BE54-9A1E7A4F7556}") = "Deepflow.Platform.Model", "Deepflow.Platform.Model\Deepflow.Platform.Model.csproj", "{14C1C6DE-6BF7-425F-A7D4-1C87592A4249}"
EndProject
Project("{2150E333-8FDC-42A3-9474-1A3956D46DE8}") = "Sources", "Sources", "{26ADDCA7-4DD6-4AE5-9025-2926B173F0C1}"
EndProject
Project("{9A19103F-16F7-4668-BE54-9A1E7A4F7556}") = "Deepflow.Platform.Sources.FakeSource", "src\Deepflow.Platform.Sources.FakeSource\Deepflow.Platform.Sources.FakeSource.csproj", "{057CD061-966F-41F4-BF4B-5C50F4635D35}"
EndProject
Project("{2150E333-8FDC-42A3-9474-1A3956D46DE8}") = "Ingestion", "Ingestion", "{11B0BFA7-7436-4D2E-BD05-4786E53877BF}"
EndProject
Project("{9A19103F-16F7-4668-BE54-9A1E7A4F7556}") = "Deepflow.Platform.Ingestion.FakeIngestor", "src\Deepflow.Platform.Ingestion.FakeIngestor\Deepflow.Platform.Ingestion.FakeIngestor.csproj", "{38532048-3AB0-4FCD-A35B-22C59A3E5C6F}"
EndProject
Project("{9A19103F-16F7-4668-BE54-9A1E7A4F7556}") = "Deepflow.Platform.Series.DynamoDB", "src\Deepflow.Platform.Series.DynamoDB\Deepflow.Platform.Series.DynamoDB.csproj", "{686C2ADE-D2E9-451A-A19E-13D5E3F4E358}"
EndProject
Project("{2150E333-8FDC-42A3-9474-1A3956D46DE8}") = "Sandbox", "Sandbox", "{D7AE0E08-B00E-4945-AB37-29DC8FE2B1FF}"
EndProject
Project("{9A19103F-16F7-4668-BE54-9A1E7A4F7556}") = "Deepflow.Platform.Sandbox.MakeAggregationFastAgain", "src\MakeAggregationFastAgain\Deepflow.Platform.Sandbox.MakeAggregationFastAgain.csproj", "{87F09587-967D-4CF1-8548-2E0B3FE84EE7}"
EndProject
Project("{9A19103F-16F7-4668-BE54-9A1E7A4F7556}") = "Deepflow.Platform.Ingestion", "src\Deepflow.Platform.Ingestion\Deepflow.Platform.Ingestion.csproj", "{8A8D457C-8A80-461F-9CD6-A6D94B43A788}"
EndProject
Project("{9A19103F-16F7-4668-BE54-9A1E7A4F7556}") = "Deepflow.Platform.Sandbox.InMemoryScatter", "Deepflow.Platform.Sandbox.InMemoryScatter\Deepflow.Platform.Sandbox.InMemoryScatter.csproj", "{B282D0C4-E89B-4915-9FD9-F6619A033440}"
EndProject
Project("{9A19103F-16F7-4668-BE54-9A1E7A4F7556}") = "Deepflow.Ingestion.Service", "src\Deepflow.Ingestion.Service\Deepflow.Ingestion.Service.csproj", "{3B115D5C-43C9-4755-89CC-3A50FE3D3EB9}"
EndProject
Project("{9A19103F-16F7-4668-BE54-9A1E7A4F7556}") = "Deepflow.Data.Service", "src\Deepflow.Data.Service\Deepflow.Data.Service.csproj", "{7B9AD3A5-88DF-4525-902F-1583B2E2D4EE}"
EndProject
Project("{9A19103F-16F7-4668-BE54-9A1E7A4F7556}") = "Deepflow.Platform.Common.Data", "Deepflow.Platform.Common.Data\Deepflow.Platform.Common.Data.csproj", "{A7BCA334-6250-40B6-91C9-CBDD2AE031C7}"
EndProject
Project("{9A19103F-16F7-4668-BE54-9A1E7A4F7556}") = "Deepflow.Common.Model", "src\Deepflow.Common.Model\Deepflow.Common.Model.csproj", "{0B29DEB0-45B6-4238-A370-9722B650A11D}"
EndProject
Project("{2150E333-8FDC-42A3-9474-1A3956D46DE8}") = "Data", "Data", "{B4182F8E-679D-4812-A424-DFBDF9459380}"
EndProject
Project("{FAE04EC0-301F-11D3-BF4B-00C04F79EFBC}") = "Deepflow.Ingestion.Service.Tests", "test\Deepflow.Ingestion.Service.Tests\Deepflow.Ingestion.Service.Tests.csproj", "{C26FE239-FDB1-46A6-B888-6326707554FA}"
EndProject
Global
	GlobalSection(SolutionConfigurationPlatforms) = preSolution
		Debug|Any CPU = Debug|Any CPU
		Release|Any CPU = Release|Any CPU
	EndGlobalSection
	GlobalSection(ProjectConfigurationPlatforms) = postSolution
		{EEC43CB4-FE40-4C09-A56A-880A729943AD}.Debug|Any CPU.ActiveCfg = Debug|Any CPU
		{EEC43CB4-FE40-4C09-A56A-880A729943AD}.Debug|Any CPU.Build.0 = Debug|Any CPU
		{EEC43CB4-FE40-4C09-A56A-880A729943AD}.Release|Any CPU.ActiveCfg = Release|Any CPU
		{EEC43CB4-FE40-4C09-A56A-880A729943AD}.Release|Any CPU.Build.0 = Release|Any CPU
		{D968F777-C2AF-4ADB-9F91-0A8C77E22749}.Debug|Any CPU.ActiveCfg = Debug|Any CPU
		{D968F777-C2AF-4ADB-9F91-0A8C77E22749}.Debug|Any CPU.Build.0 = Debug|Any CPU
		{D968F777-C2AF-4ADB-9F91-0A8C77E22749}.Release|Any CPU.ActiveCfg = Release|Any CPU
		{D968F777-C2AF-4ADB-9F91-0A8C77E22749}.Release|Any CPU.Build.0 = Release|Any CPU
		{9802132F-E134-458C-8952-A28932CBC6E0}.Debug|Any CPU.ActiveCfg = Debug|Any CPU
		{9802132F-E134-458C-8952-A28932CBC6E0}.Debug|Any CPU.Build.0 = Debug|Any CPU
		{9802132F-E134-458C-8952-A28932CBC6E0}.Release|Any CPU.ActiveCfg = Release|Any CPU
		{9802132F-E134-458C-8952-A28932CBC6E0}.Release|Any CPU.Build.0 = Release|Any CPU
		{8B104CC5-4E40-4625-926C-F40A9B40F991}.Debug|Any CPU.ActiveCfg = Debug|Any CPU
		{8B104CC5-4E40-4625-926C-F40A9B40F991}.Debug|Any CPU.Build.0 = Debug|Any CPU
		{8B104CC5-4E40-4625-926C-F40A9B40F991}.Release|Any CPU.ActiveCfg = Release|Any CPU
		{8B104CC5-4E40-4625-926C-F40A9B40F991}.Release|Any CPU.Build.0 = Release|Any CPU
		{365F1E99-CBA9-4039-9CFB-BC295FF14A67}.Debug|Any CPU.ActiveCfg = Debug|Any CPU
		{365F1E99-CBA9-4039-9CFB-BC295FF14A67}.Debug|Any CPU.Build.0 = Debug|Any CPU
		{365F1E99-CBA9-4039-9CFB-BC295FF14A67}.Release|Any CPU.ActiveCfg = Release|Any CPU
		{365F1E99-CBA9-4039-9CFB-BC295FF14A67}.Release|Any CPU.Build.0 = Release|Any CPU
		{36D7A559-06FF-4D98-BB6E-160061AADB9B}.Debug|Any CPU.ActiveCfg = Debug|Any CPU
		{36D7A559-06FF-4D98-BB6E-160061AADB9B}.Debug|Any CPU.Build.0 = Debug|Any CPU
		{36D7A559-06FF-4D98-BB6E-160061AADB9B}.Release|Any CPU.ActiveCfg = Release|Any CPU
		{36D7A559-06FF-4D98-BB6E-160061AADB9B}.Release|Any CPU.Build.0 = Release|Any CPU
		{099F66BF-4828-48B3-B182-60837562FFE2}.Debug|Any CPU.ActiveCfg = Debug|Any CPU
		{099F66BF-4828-48B3-B182-60837562FFE2}.Debug|Any CPU.Build.0 = Debug|Any CPU
		{099F66BF-4828-48B3-B182-60837562FFE2}.Release|Any CPU.ActiveCfg = Release|Any CPU
		{099F66BF-4828-48B3-B182-60837562FFE2}.Release|Any CPU.Build.0 = Release|Any CPU
		{6C8F7C6C-31B4-44BB-89E0-0742AB032984}.Debug|Any CPU.ActiveCfg = Debug|Any CPU
		{6C8F7C6C-31B4-44BB-89E0-0742AB032984}.Debug|Any CPU.Build.0 = Debug|Any CPU
		{6C8F7C6C-31B4-44BB-89E0-0742AB032984}.Release|Any CPU.ActiveCfg = Release|Any CPU
		{6C8F7C6C-31B4-44BB-89E0-0742AB032984}.Release|Any CPU.Build.0 = Release|Any CPU
		{ADE02E26-25D3-4C6D-AE3A-B3F9B25B992A}.Debug|Any CPU.ActiveCfg = Debug|Any CPU
		{ADE02E26-25D3-4C6D-AE3A-B3F9B25B992A}.Debug|Any CPU.Build.0 = Debug|Any CPU
		{ADE02E26-25D3-4C6D-AE3A-B3F9B25B992A}.Release|Any CPU.ActiveCfg = Release|Any CPU
		{ADE02E26-25D3-4C6D-AE3A-B3F9B25B992A}.Release|Any CPU.Build.0 = Release|Any CPU
		{7561B094-8292-4F60-967A-0A0518F25C2D}.Debug|Any CPU.ActiveCfg = Debug|Any CPU
		{7561B094-8292-4F60-967A-0A0518F25C2D}.Debug|Any CPU.Build.0 = Debug|Any CPU
		{7561B094-8292-4F60-967A-0A0518F25C2D}.Release|Any CPU.ActiveCfg = Release|Any CPU
		{7561B094-8292-4F60-967A-0A0518F25C2D}.Release|Any CPU.Build.0 = Release|Any CPU
		{2B312806-EC12-4E15-B13B-90E4BD0B9887}.Debug|Any CPU.ActiveCfg = Debug|Any CPU
		{2B312806-EC12-4E15-B13B-90E4BD0B9887}.Debug|Any CPU.Build.0 = Debug|Any CPU
		{2B312806-EC12-4E15-B13B-90E4BD0B9887}.Release|Any CPU.ActiveCfg = Release|Any CPU
		{2B312806-EC12-4E15-B13B-90E4BD0B9887}.Release|Any CPU.Build.0 = Release|Any CPU
		{39A002CC-049C-4ECB-A1AC-D51ADE040D06}.Debug|Any CPU.ActiveCfg = Debug|Any CPU
		{39A002CC-049C-4ECB-A1AC-D51ADE040D06}.Debug|Any CPU.Build.0 = Debug|Any CPU
		{39A002CC-049C-4ECB-A1AC-D51ADE040D06}.Release|Any CPU.ActiveCfg = Release|Any CPU
		{39A002CC-049C-4ECB-A1AC-D51ADE040D06}.Release|Any CPU.Build.0 = Release|Any CPU
		{B57A3EBF-A68D-4677-9FE6-6A6C9F082AD0}.Debug|Any CPU.ActiveCfg = Debug|Any CPU
		{B57A3EBF-A68D-4677-9FE6-6A6C9F082AD0}.Debug|Any CPU.Build.0 = Debug|Any CPU
		{B57A3EBF-A68D-4677-9FE6-6A6C9F082AD0}.Release|Any CPU.ActiveCfg = Release|Any CPU
		{B57A3EBF-A68D-4677-9FE6-6A6C9F082AD0}.Release|Any CPU.Build.0 = Release|Any CPU
		{09707277-A19F-4AAB-82EC-26AB4462AE5C}.Debug|Any CPU.ActiveCfg = Debug|Any CPU
		{09707277-A19F-4AAB-82EC-26AB4462AE5C}.Debug|Any CPU.Build.0 = Debug|Any CPU
		{09707277-A19F-4AAB-82EC-26AB4462AE5C}.Release|Any CPU.ActiveCfg = Release|Any CPU
		{09707277-A19F-4AAB-82EC-26AB4462AE5C}.Release|Any CPU.Build.0 = Release|Any CPU
		{957C20F2-8531-4BC9-AF1C-BECEE23B17BB}.Debug|Any CPU.ActiveCfg = Debug|Any CPU
		{957C20F2-8531-4BC9-AF1C-BECEE23B17BB}.Debug|Any CPU.Build.0 = Debug|Any CPU
		{957C20F2-8531-4BC9-AF1C-BECEE23B17BB}.Release|Any CPU.ActiveCfg = Release|Any CPU
		{957C20F2-8531-4BC9-AF1C-BECEE23B17BB}.Release|Any CPU.Build.0 = Release|Any CPU
		{14C1C6DE-6BF7-425F-A7D4-1C87592A4249}.Debug|Any CPU.ActiveCfg = Debug|Any CPU
		{14C1C6DE-6BF7-425F-A7D4-1C87592A4249}.Debug|Any CPU.Build.0 = Debug|Any CPU
		{14C1C6DE-6BF7-425F-A7D4-1C87592A4249}.Release|Any CPU.ActiveCfg = Release|Any CPU
		{14C1C6DE-6BF7-425F-A7D4-1C87592A4249}.Release|Any CPU.Build.0 = Release|Any CPU
		{057CD061-966F-41F4-BF4B-5C50F4635D35}.Debug|Any CPU.ActiveCfg = Debug|Any CPU
		{057CD061-966F-41F4-BF4B-5C50F4635D35}.Debug|Any CPU.Build.0 = Debug|Any CPU
		{057CD061-966F-41F4-BF4B-5C50F4635D35}.Release|Any CPU.ActiveCfg = Release|Any CPU
		{057CD061-966F-41F4-BF4B-5C50F4635D35}.Release|Any CPU.Build.0 = Release|Any CPU
		{38532048-3AB0-4FCD-A35B-22C59A3E5C6F}.Debug|Any CPU.ActiveCfg = Debug|Any CPU
		{38532048-3AB0-4FCD-A35B-22C59A3E5C6F}.Debug|Any CPU.Build.0 = Debug|Any CPU
		{38532048-3AB0-4FCD-A35B-22C59A3E5C6F}.Release|Any CPU.ActiveCfg = Release|Any CPU
		{38532048-3AB0-4FCD-A35B-22C59A3E5C6F}.Release|Any CPU.Build.0 = Release|Any CPU
		{686C2ADE-D2E9-451A-A19E-13D5E3F4E358}.Debug|Any CPU.ActiveCfg = Debug|Any CPU
		{686C2ADE-D2E9-451A-A19E-13D5E3F4E358}.Debug|Any CPU.Build.0 = Debug|Any CPU
		{686C2ADE-D2E9-451A-A19E-13D5E3F4E358}.Release|Any CPU.ActiveCfg = Release|Any CPU
		{686C2ADE-D2E9-451A-A19E-13D5E3F4E358}.Release|Any CPU.Build.0 = Release|Any CPU
		{87F09587-967D-4CF1-8548-2E0B3FE84EE7}.Debug|Any CPU.ActiveCfg = Debug|Any CPU
		{87F09587-967D-4CF1-8548-2E0B3FE84EE7}.Debug|Any CPU.Build.0 = Debug|Any CPU
		{87F09587-967D-4CF1-8548-2E0B3FE84EE7}.Release|Any CPU.ActiveCfg = Release|Any CPU
		{87F09587-967D-4CF1-8548-2E0B3FE84EE7}.Release|Any CPU.Build.0 = Release|Any CPU
		{8A8D457C-8A80-461F-9CD6-A6D94B43A788}.Debug|Any CPU.ActiveCfg = Debug|Any CPU
		{8A8D457C-8A80-461F-9CD6-A6D94B43A788}.Debug|Any CPU.Build.0 = Debug|Any CPU
		{8A8D457C-8A80-461F-9CD6-A6D94B43A788}.Release|Any CPU.ActiveCfg = Release|Any CPU
		{8A8D457C-8A80-461F-9CD6-A6D94B43A788}.Release|Any CPU.Build.0 = Release|Any CPU
		{B282D0C4-E89B-4915-9FD9-F6619A033440}.Debug|Any CPU.ActiveCfg = Debug|Any CPU
		{B282D0C4-E89B-4915-9FD9-F6619A033440}.Debug|Any CPU.Build.0 = Debug|Any CPU
		{B282D0C4-E89B-4915-9FD9-F6619A033440}.Release|Any CPU.ActiveCfg = Release|Any CPU
		{B282D0C4-E89B-4915-9FD9-F6619A033440}.Release|Any CPU.Build.0 = Release|Any CPU
		{3B115D5C-43C9-4755-89CC-3A50FE3D3EB9}.Debug|Any CPU.ActiveCfg = Debug|Any CPU
		{3B115D5C-43C9-4755-89CC-3A50FE3D3EB9}.Debug|Any CPU.Build.0 = Debug|Any CPU
		{3B115D5C-43C9-4755-89CC-3A50FE3D3EB9}.Release|Any CPU.ActiveCfg = Release|Any CPU
		{3B115D5C-43C9-4755-89CC-3A50FE3D3EB9}.Release|Any CPU.Build.0 = Release|Any CPU
		{7B9AD3A5-88DF-4525-902F-1583B2E2D4EE}.Debug|Any CPU.ActiveCfg = Debug|Any CPU
		{7B9AD3A5-88DF-4525-902F-1583B2E2D4EE}.Debug|Any CPU.Build.0 = Debug|Any CPU
		{7B9AD3A5-88DF-4525-902F-1583B2E2D4EE}.Release|Any CPU.ActiveCfg = Release|Any CPU
		{7B9AD3A5-88DF-4525-902F-1583B2E2D4EE}.Release|Any CPU.Build.0 = Release|Any CPU
		{A7BCA334-6250-40B6-91C9-CBDD2AE031C7}.Debug|Any CPU.ActiveCfg = Debug|Any CPU
		{A7BCA334-6250-40B6-91C9-CBDD2AE031C7}.Debug|Any CPU.Build.0 = Debug|Any CPU
		{A7BCA334-6250-40B6-91C9-CBDD2AE031C7}.Release|Any CPU.ActiveCfg = Release|Any CPU
		{A7BCA334-6250-40B6-91C9-CBDD2AE031C7}.Release|Any CPU.Build.0 = Release|Any CPU
		{0B29DEB0-45B6-4238-A370-9722B650A11D}.Debug|Any CPU.ActiveCfg = Debug|Any CPU
		{0B29DEB0-45B6-4238-A370-9722B650A11D}.Debug|Any CPU.Build.0 = Debug|Any CPU
		{0B29DEB0-45B6-4238-A370-9722B650A11D}.Release|Any CPU.ActiveCfg = Release|Any CPU
		{0B29DEB0-45B6-4238-A370-9722B650A11D}.Release|Any CPU.Build.0 = Release|Any CPU
		{C26FE239-FDB1-46A6-B888-6326707554FA}.Debug|Any CPU.ActiveCfg = Debug|Any CPU
		{C26FE239-FDB1-46A6-B888-6326707554FA}.Debug|Any CPU.Build.0 = Debug|Any CPU
		{C26FE239-FDB1-46A6-B888-6326707554FA}.Release|Any CPU.ActiveCfg = Release|Any CPU
		{C26FE239-FDB1-46A6-B888-6326707554FA}.Release|Any CPU.Build.0 = Release|Any CPU
	EndGlobalSection
	GlobalSection(SolutionProperties) = preSolution
		HideSolutionNode = FALSE
	EndGlobalSection
	GlobalSection(NestedProjects) = preSolution
		{EEC43CB4-FE40-4C09-A56A-880A729943AD} = {4C5F4B98-86DA-4F2A-8E5B-AEBFDA94457C}
		{D968F777-C2AF-4ADB-9F91-0A8C77E22749} = {0866F0FB-FDD1-426B-85CD-5CED103111F0}
		{9802132F-E134-458C-8952-A28932CBC6E0} = {4C5F4B98-86DA-4F2A-8E5B-AEBFDA94457C}
		{8B104CC5-4E40-4625-926C-F40A9B40F991} = {4C5F4B98-86DA-4F2A-8E5B-AEBFDA94457C}
		{365F1E99-CBA9-4039-9CFB-BC295FF14A67} = {4C5F4B98-86DA-4F2A-8E5B-AEBFDA94457C}
		{36D7A559-06FF-4D98-BB6E-160061AADB9B} = {4C5F4B98-86DA-4F2A-8E5B-AEBFDA94457C}
		{099F66BF-4828-48B3-B182-60837562FFE2} = {4C5F4B98-86DA-4F2A-8E5B-AEBFDA94457C}
		{6C8F7C6C-31B4-44BB-89E0-0742AB032984} = {4C5F4B98-86DA-4F2A-8E5B-AEBFDA94457C}
		{ADE02E26-25D3-4C6D-AE3A-B3F9B25B992A} = {4C5F4B98-86DA-4F2A-8E5B-AEBFDA94457C}
		{7561B094-8292-4F60-967A-0A0518F25C2D} = {4C5F4B98-86DA-4F2A-8E5B-AEBFDA94457C}
		{2B312806-EC12-4E15-B13B-90E4BD0B9887} = {4C5F4B98-86DA-4F2A-8E5B-AEBFDA94457C}
		{39A002CC-049C-4ECB-A1AC-D51ADE040D06} = {EAEBCDEA-5D16-4C6B-A5B6-4560C4EF06ED}
		{B57A3EBF-A68D-4677-9FE6-6A6C9F082AD0} = {EAEBCDEA-5D16-4C6B-A5B6-4560C4EF06ED}
		{4C5F4B98-86DA-4F2A-8E5B-AEBFDA94457C} = {7146BDDB-9CC1-48E3-8293-4062B6CC4584}
		{B638A02F-C748-4AF5-8230-9F51DBE70345} = {7146BDDB-9CC1-48E3-8293-4062B6CC4584}
		{09707277-A19F-4AAB-82EC-26AB4462AE5C} = {B638A02F-C748-4AF5-8230-9F51DBE70345}
		{0866F0FB-FDD1-426B-85CD-5CED103111F0} = {7146BDDB-9CC1-48E3-8293-4062B6CC4584}
		{957C20F2-8531-4BC9-AF1C-BECEE23B17BB} = {4C5F4B98-86DA-4F2A-8E5B-AEBFDA94457C}
		{14C1C6DE-6BF7-425F-A7D4-1C87592A4249} = {4C5F4B98-86DA-4F2A-8E5B-AEBFDA94457C}
		{26ADDCA7-4DD6-4AE5-9025-2926B173F0C1} = {7146BDDB-9CC1-48E3-8293-4062B6CC4584}
		{057CD061-966F-41F4-BF4B-5C50F4635D35} = {26ADDCA7-4DD6-4AE5-9025-2926B173F0C1}
		{11B0BFA7-7436-4D2E-BD05-4786E53877BF} = {7146BDDB-9CC1-48E3-8293-4062B6CC4584}
		{38532048-3AB0-4FCD-A35B-22C59A3E5C6F} = {11B0BFA7-7436-4D2E-BD05-4786E53877BF}
		{686C2ADE-D2E9-451A-A19E-13D5E3F4E358} = {4C5F4B98-86DA-4F2A-8E5B-AEBFDA94457C}
		{D7AE0E08-B00E-4945-AB37-29DC8FE2B1FF} = {7146BDDB-9CC1-48E3-8293-4062B6CC4584}
		{87F09587-967D-4CF1-8548-2E0B3FE84EE7} = {D7AE0E08-B00E-4945-AB37-29DC8FE2B1FF}
		{8A8D457C-8A80-461F-9CD6-A6D94B43A788} = {4C5F4B98-86DA-4F2A-8E5B-AEBFDA94457C}
		{B282D0C4-E89B-4915-9FD9-F6619A033440} = {D7AE0E08-B00E-4945-AB37-29DC8FE2B1FF}
		{3B115D5C-43C9-4755-89CC-3A50FE3D3EB9} = {11B0BFA7-7436-4D2E-BD05-4786E53877BF}
		{7B9AD3A5-88DF-4525-902F-1583B2E2D4EE} = {B4182F8E-679D-4812-A424-DFBDF9459380}
		{A7BCA334-6250-40B6-91C9-CBDD2AE031C7} = {0866F0FB-FDD1-426B-85CD-5CED103111F0}
		{0B29DEB0-45B6-4238-A370-9722B650A11D} = {0866F0FB-FDD1-426B-85CD-5CED103111F0}
		{B4182F8E-679D-4812-A424-DFBDF9459380} = {7146BDDB-9CC1-48E3-8293-4062B6CC4584}
		{C26FE239-FDB1-46A6-B888-6326707554FA} = {EAEBCDEA-5D16-4C6B-A5B6-4560C4EF06ED}
	EndGlobalSection
	GlobalSection(ExtensibilityGlobals) = postSolution
		SolutionGuid = {66BBDC02-1F4F-4678-A6D5-FEAAA0D60797}
	EndGlobalSection
EndGlobal
